
Microsoft Visual Studio Solution File, Format Version 12.00
# Visual Studio Version 17
VisualStudioVersion = 17.11.35327.3
MinimumVisualStudioVersion = 10.0.40219.1
Project("{FAE04EC0-301F-11D3-BF4B-00C04F79EFBC}") = "CRUD Post", "CRUD Post.csproj", "{DC9C444A-508E-45D0-B1C8-2C41C082BE11}"
EndProject
Global
	GlobalSection(SolutionConfigurationPlatforms) = preSolution
		Debug|Any CPU = Debug|Any CPU
		Release|Any CPU = Release|Any CPU
	EndGlobalSection
	GlobalSection(ProjectConfigurationPlatforms) = postSolution
		{DC9C444A-508E-45D0-B1C8-2C41C082BE11}.Debug|Any CPU.ActiveCfg = Debug|Any CPU
		{DC9C444A-508E-45D0-B1C8-2C41C082BE11}.Debug|Any CPU.Build.0 = Debug|Any CPU
		{DC9C444A-508E-45D0-B1C8-2C41C082BE11}.Release|Any CPU.ActiveCfg = Release|Any CPU
		{DC9C444A-508E-45D0-B1C8-2C41C082BE11}.Release|Any CPU.Build.0 = Release|Any CPU
	EndGlobalSection
	GlobalSection(SolutionProperties) = preSolution
		HideSolutionNode = FALSE
	EndGlobalSection
	GlobalSection(ExtensibilityGlobals) = postSolution
		SolutionGuid = {F5410B90-3882-4035-BEB4-AA050E5E6ADA}
	EndGlobalSection
EndGlobal
