
Microsoft Visual Studio Solution File, Format Version 12.00
# Visual Studio Version 17
VisualStudioVersion = 17.11.35327.3
MinimumVisualStudioVersion = 10.0.40219.1
Project("{FAE04EC0-301F-11D3-BF4B-00C04F79EFBC}") = "CRUD-Event", "CRUD-Event.csproj", "{C5A9FBBC-AACA-4380-B18C-8F2E8FFA380D}"
EndProject
Global
	GlobalSection(SolutionConfigurationPlatforms) = preSolution
		Debug|Any CPU = Debug|Any CPU
		Release|Any CPU = Release|Any CPU
	EndGlobalSection
	GlobalSection(ProjectConfigurationPlatforms) = postSolution
		{C5A9FBBC-AACA-4380-B18C-8F2E8FFA380D}.Debug|Any CPU.ActiveCfg = Debug|Any CPU
		{C5A9FBBC-AACA-4380-B18C-8F2E8FFA380D}.Debug|Any CPU.Build.0 = Debug|Any CPU
		{C5A9FBBC-AACA-4380-B18C-8F2E8FFA380D}.Release|Any CPU.ActiveCfg = Release|Any CPU
		{C5A9FBBC-AACA-4380-B18C-8F2E8FFA380D}.Release|Any CPU.Build.0 = Release|Any CPU
	EndGlobalSection
	GlobalSection(SolutionProperties) = preSolution
		HideSolutionNode = FALSE
	EndGlobalSection
	GlobalSection(ExtensibilityGlobals) = postSolution
		SolutionGuid = {150B099A-75CB-4FBB-B086-8C8F896AA303}
	EndGlobalSection
EndGlobal
