
Microsoft Visual Studio Solution File, Format Version 12.00
# Visual Studio Version 17
VisualStudioVersion = 17.11.35327.3
MinimumVisualStudioVersion = 10.0.40219.1
Project("{FAE04EC0-301F-11D3-BF4B-00C04F79EFBC}") = "CRUD Student", "CRUD Student.csproj", "{975DD66A-6883-443F-913B-2E701AB83D6E}"
EndProject
Global
	GlobalSection(SolutionConfigurationPlatforms) = preSolution
		Debug|Any CPU = Debug|Any CPU
		Release|Any CPU = Release|Any CPU
	EndGlobalSection
	GlobalSection(ProjectConfigurationPlatforms) = postSolution
		{975DD66A-6883-443F-913B-2E701AB83D6E}.Debug|Any CPU.ActiveCfg = Debug|Any CPU
		{975DD66A-6883-443F-913B-2E701AB83D6E}.Debug|Any CPU.Build.0 = Debug|Any CPU
		{975DD66A-6883-443F-913B-2E701AB83D6E}.Release|Any CPU.ActiveCfg = Release|Any CPU
		{975DD66A-6883-443F-913B-2E701AB83D6E}.Release|Any CPU.Build.0 = Release|Any CPU
	EndGlobalSection
	GlobalSection(SolutionProperties) = preSolution
		HideSolutionNode = FALSE
	EndGlobalSection
	GlobalSection(ExtensibilityGlobals) = postSolution
		SolutionGuid = {4EA94A3A-4738-4BDD-AFBD-91DEF5BAAE3E}
	EndGlobalSection
EndGlobal
